
Microsoft Visual Studio Solution File, Format Version 12.00
# Visual Studio Version 17
VisualStudioVersion = 17.12.35527.113
MinimumVisualStudioVersion = 10.0.40219.1
Project("{54A90642-561A-4BB1-A94E-469ADEE60C69}") = "hopswheel.client", "hopswheel.client\hopswheel.client.esproj", "{B947DF71-05EE-4254-AC15-B0EB32542EF9}"
EndProject
Project("{2150E333-8FDC-42A3-9474-1A3956D46DE8}") = "src", "src", "{9A84A3E8-9095-48AD-BD52-9705265FC46A}"
EndProject
Project("{2150E333-8FDC-42A3-9474-1A3956D46DE8}") = "Solution items", "Solution items", "{2C81C859-2843-4DF7-B3F3-4EB06BEBB944}"
	ProjectSection(SolutionItems) = preProject
		Directory.Packages.props = Directory.Packages.props
	EndProjectSection
EndProject
Project("{FAE04EC0-301F-11D3-BF4B-00C04F79EFBC}") = "Application", "Application\Application.csproj", "{20C77AF4-3AE7-4882-9501-5D54E6B012CF}"
EndProject
Project("{FAE04EC0-301F-11D3-BF4B-00C04F79EFBC}") = "Infrastructure", "Infrastructure\Infrastructure.csproj", "{F04F02F0-5927-407A-9980-F70B8513F357}"
EndProject
Project("{2150E333-8FDC-42A3-9474-1A3956D46DE8}") = "client", "client", "{7ADEA735-8994-4AD6-A2B7-2524D9E0F086}"
EndProject
Project("{2150E333-8FDC-42A3-9474-1A3956D46DE8}") = "server", "server", "{88F80ADA-9FF0-4FC6-B5E6-CE13F3C15A2E}"
EndProject
Project("{FAE04EC0-301F-11D3-BF4B-00C04F79EFBC}") = "Domain", "Domain\Domain.csproj", "{94A7125E-2CE4-44D3-BA82-CA5DD3E7318C}"
EndProject
Project("{FAE04EC0-301F-11D3-BF4B-00C04F79EFBC}") = "Web.Api", "Web.Api\Web.Api.csproj", "{4C28F038-40E3-4983-B391-CFC204309D7F}"
EndProject
Project("{E53339B2-1760-4266-BCC7-CA923CBCF16C}") = "docker-compose", "docker-compose.dcproj", "{CF88D850-6687-40EF-BABA-4641342E5535}"
EndProject
Project("{2150E333-8FDC-42A3-9474-1A3956D46DE8}") = "corePackages", "corePackages", "{AF91E897-1A73-415E-BF65-30F09F9BD0DC}"
EndProject
Project("{2150E333-8FDC-42A3-9474-1A3956D46DE8}") = "hopsWheel", "hopsWheel", "{A74D3AAF-00E2-48F4-89D0-1F7DCF5B5A67}"
EndProject
Project("{FAE04EC0-301F-11D3-BF4B-00C04F79EFBC}") = "Core.Infrastructure", "Core.Infrastructure\Core.Infrastructure.csproj", "{2E20F80E-4C55-497B-8B34-206E7C696B14}"
EndProject
Global
	GlobalSection(SolutionConfigurationPlatforms) = preSolution
		Debug|Any CPU = Debug|Any CPU
		Release|Any CPU = Release|Any CPU
	EndGlobalSection
	GlobalSection(ProjectConfigurationPlatforms) = postSolution
		{B947DF71-05EE-4254-AC15-B0EB32542EF9}.Debug|Any CPU.ActiveCfg = Debug|Any CPU
		{B947DF71-05EE-4254-AC15-B0EB32542EF9}.Debug|Any CPU.Build.0 = Debug|Any CPU
		{B947DF71-05EE-4254-AC15-B0EB32542EF9}.Debug|Any CPU.Deploy.0 = Debug|Any CPU
		{B947DF71-05EE-4254-AC15-B0EB32542EF9}.Release|Any CPU.ActiveCfg = Release|Any CPU
		{B947DF71-05EE-4254-AC15-B0EB32542EF9}.Release|Any CPU.Build.0 = Release|Any CPU
		{B947DF71-05EE-4254-AC15-B0EB32542EF9}.Release|Any CPU.Deploy.0 = Release|Any CPU
		{20C77AF4-3AE7-4882-9501-5D54E6B012CF}.Debug|Any CPU.ActiveCfg = Debug|Any CPU
		{20C77AF4-3AE7-4882-9501-5D54E6B012CF}.Debug|Any CPU.Build.0 = Debug|Any CPU
		{20C77AF4-3AE7-4882-9501-5D54E6B012CF}.Release|Any CPU.ActiveCfg = Release|Any CPU
		{20C77AF4-3AE7-4882-9501-5D54E6B012CF}.Release|Any CPU.Build.0 = Release|Any CPU
		{F04F02F0-5927-407A-9980-F70B8513F357}.Debug|Any CPU.ActiveCfg = Debug|Any CPU
		{F04F02F0-5927-407A-9980-F70B8513F357}.Debug|Any CPU.Build.0 = Debug|Any CPU
		{F04F02F0-5927-407A-9980-F70B8513F357}.Release|Any CPU.ActiveCfg = Release|Any CPU
		{F04F02F0-5927-407A-9980-F70B8513F357}.Release|Any CPU.Build.0 = Release|Any CPU
		{94A7125E-2CE4-44D3-BA82-CA5DD3E7318C}.Debug|Any CPU.ActiveCfg = Debug|Any CPU
		{94A7125E-2CE4-44D3-BA82-CA5DD3E7318C}.Debug|Any CPU.Build.0 = Debug|Any CPU
		{94A7125E-2CE4-44D3-BA82-CA5DD3E7318C}.Release|Any CPU.ActiveCfg = Release|Any CPU
		{94A7125E-2CE4-44D3-BA82-CA5DD3E7318C}.Release|Any CPU.Build.0 = Release|Any CPU
		{4C28F038-40E3-4983-B391-CFC204309D7F}.Debug|Any CPU.ActiveCfg = Debug|Any CPU
		{4C28F038-40E3-4983-B391-CFC204309D7F}.Debug|Any CPU.Build.0 = Debug|Any CPU
		{4C28F038-40E3-4983-B391-CFC204309D7F}.Release|Any CPU.ActiveCfg = Release|Any CPU
		{4C28F038-40E3-4983-B391-CFC204309D7F}.Release|Any CPU.Build.0 = Release|Any CPU
		{CF88D850-6687-40EF-BABA-4641342E5535}.Debug|Any CPU.ActiveCfg = Debug|Any CPU
		{CF88D850-6687-40EF-BABA-4641342E5535}.Debug|Any CPU.Build.0 = Debug|Any CPU
		{CF88D850-6687-40EF-BABA-4641342E5535}.Release|Any CPU.ActiveCfg = Release|Any CPU
		{CF88D850-6687-40EF-BABA-4641342E5535}.Release|Any CPU.Build.0 = Release|Any CPU
		{2E20F80E-4C55-497B-8B34-206E7C696B14}.Debug|Any CPU.ActiveCfg = Debug|Any CPU
		{2E20F80E-4C55-497B-8B34-206E7C696B14}.Debug|Any CPU.Build.0 = Debug|Any CPU
		{2E20F80E-4C55-497B-8B34-206E7C696B14}.Release|Any CPU.ActiveCfg = Release|Any CPU
		{2E20F80E-4C55-497B-8B34-206E7C696B14}.Release|Any CPU.Build.0 = Release|Any CPU
	EndGlobalSection
	GlobalSection(SolutionProperties) = preSolution
		HideSolutionNode = FALSE
	EndGlobalSection
	GlobalSection(NestedProjects) = preSolution
		{B947DF71-05EE-4254-AC15-B0EB32542EF9} = {7ADEA735-8994-4AD6-A2B7-2524D9E0F086}
		{20C77AF4-3AE7-4882-9501-5D54E6B012CF} = {A74D3AAF-00E2-48F4-89D0-1F7DCF5B5A67}
		{F04F02F0-5927-407A-9980-F70B8513F357} = {A74D3AAF-00E2-48F4-89D0-1F7DCF5B5A67}
		{7ADEA735-8994-4AD6-A2B7-2524D9E0F086} = {9A84A3E8-9095-48AD-BD52-9705265FC46A}
		{88F80ADA-9FF0-4FC6-B5E6-CE13F3C15A2E} = {9A84A3E8-9095-48AD-BD52-9705265FC46A}
		{94A7125E-2CE4-44D3-BA82-CA5DD3E7318C} = {A74D3AAF-00E2-48F4-89D0-1F7DCF5B5A67}
		{4C28F038-40E3-4983-B391-CFC204309D7F} = {A74D3AAF-00E2-48F4-89D0-1F7DCF5B5A67}
		{AF91E897-1A73-415E-BF65-30F09F9BD0DC} = {88F80ADA-9FF0-4FC6-B5E6-CE13F3C15A2E}
		{A74D3AAF-00E2-48F4-89D0-1F7DCF5B5A67} = {88F80ADA-9FF0-4FC6-B5E6-CE13F3C15A2E}
		{2E20F80E-4C55-497B-8B34-206E7C696B14} = {AF91E897-1A73-415E-BF65-30F09F9BD0DC}
	EndGlobalSection
EndGlobal
